
Microsoft Visual Studio Solution File, Format Version 12.00
# Visual Studio Version 17
VisualStudioVersion = 17.5.002.0
MinimumVisualStudioVersion = 10.0.40219.1
Project("{9A19103F-16F7-4668-BE54-9A1E7A4F7556}") = "DapperDemo", "DapperDemo.csproj", "{4547B8EB-B41E-422B-8062-197DE2D7DB12}"
EndProject
Global
	GlobalSection(SolutionConfigurationPlatforms) = preSolution
		Debug|Any CPU = Debug|Any CPU
		Release|Any CPU = Release|Any CPU
	EndGlobalSection
	GlobalSection(ProjectConfigurationPlatforms) = postSolution
		{4547B8EB-B41E-422B-8062-197DE2D7DB12}.Debug|Any CPU.ActiveCfg = Debug|Any CPU
		{4547B8EB-B41E-422B-8062-197DE2D7DB12}.Debug|Any CPU.Build.0 = Debug|Any CPU
		{4547B8EB-B41E-422B-8062-197DE2D7DB12}.Release|Any CPU.ActiveCfg = Release|Any CPU
		{4547B8EB-B41E-422B-8062-197DE2D7DB12}.Release|Any CPU.Build.0 = Release|Any CPU
	EndGlobalSection
	GlobalSection(SolutionProperties) = preSolution
		HideSolutionNode = FALSE
	EndGlobalSection
	GlobalSection(ExtensibilityGlobals) = postSolution
		SolutionGuid = {D47DBEA6-CA27-4BAF-8D38-5B5C68FB27BC}
	EndGlobalSection
EndGlobal
